
Microsoft Visual Studio Solution File, Format Version 12.00
# Visual Studio Version 17
VisualStudioVersion = 17.3.32929.385
MinimumVisualStudioVersion = 10.0.40219.1
Project("{FAE04EC0-301F-11D3-BF4B-00C04F79EFBC}") = "DatabaseFirstAppPK", "DatabaseFirstAppPK\DatabaseFirstAppPK.csproj", "{3BB95E3D-C4DC-448F-AEDC-CF688CD07616}"
EndProject
Global
	GlobalSection(SolutionConfigurationPlatforms) = preSolution
		Debug|Any CPU = Debug|Any CPU
		Release|Any CPU = Release|Any CPU
	EndGlobalSection
	GlobalSection(ProjectConfigurationPlatforms) = postSolution
		{3BB95E3D-C4DC-448F-AEDC-CF688CD07616}.Debug|Any CPU.ActiveCfg = Debug|Any CPU
		{3BB95E3D-C4DC-448F-AEDC-CF688CD07616}.Debug|Any CPU.Build.0 = Debug|Any CPU
		{3BB95E3D-C4DC-448F-AEDC-CF688CD07616}.Release|Any CPU.ActiveCfg = Release|Any CPU
		{3BB95E3D-C4DC-448F-AEDC-CF688CD07616}.Release|Any CPU.Build.0 = Release|Any CPU
	EndGlobalSection
	GlobalSection(SolutionProperties) = preSolution
		HideSolutionNode = FALSE
	EndGlobalSection
	GlobalSection(ExtensibilityGlobals) = postSolution
		SolutionGuid = {8EF3F417-6606-4C4B-A418-3C02C085E96A}
	EndGlobalSection
EndGlobal
