
Microsoft Visual Studio Solution File, Format Version 12.00
# Visual Studio Version 17
VisualStudioVersion = 17.3.32929.385
MinimumVisualStudioVersion = 10.0.40219.1
Project("{FAE04EC0-301F-11D3-BF4B-00C04F79EFBC}") = "EF_Code_First_Approach", "EF_Code_First_Approach\EF_Code_First_Approach.csproj", "{896882E9-84CF-4D23-8048-53AB3E49B95C}"
EndProject
Global
	GlobalSection(SolutionConfigurationPlatforms) = preSolution
		Debug|Any CPU = Debug|Any CPU
		Release|Any CPU = Release|Any CPU
	EndGlobalSection
	GlobalSection(ProjectConfigurationPlatforms) = postSolution
		{896882E9-84CF-4D23-8048-53AB3E49B95C}.Debug|Any CPU.ActiveCfg = Debug|Any CPU
		{896882E9-84CF-4D23-8048-53AB3E49B95C}.Debug|Any CPU.Build.0 = Debug|Any CPU
		{896882E9-84CF-4D23-8048-53AB3E49B95C}.Release|Any CPU.ActiveCfg = Release|Any CPU
		{896882E9-84CF-4D23-8048-53AB3E49B95C}.Release|Any CPU.Build.0 = Release|Any CPU
	EndGlobalSection
	GlobalSection(SolutionProperties) = preSolution
		HideSolutionNode = FALSE
	EndGlobalSection
	GlobalSection(ExtensibilityGlobals) = postSolution
		SolutionGuid = {EFACBEF1-7486-4BCB-A2BA-7894E4A33292}
	EndGlobalSection
EndGlobal
