
Microsoft Visual Studio Solution File, Format Version 12.00
# Visual Studio Version 17
VisualStudioVersion = 17.3.32929.385
MinimumVisualStudioVersion = 10.0.40219.1
Project("{9A19103F-16F7-4668-BE54-9A1E7A4F7556}") = "RolebasedJWTbyParthib", "RoleJWT\RolebasedJWTbyParthib.csproj", "{46583031-A3F5-4266-9644-3D8E135D1778}"
EndProject
Global
	GlobalSection(SolutionConfigurationPlatforms) = preSolution
		Debug|Any CPU = Debug|Any CPU
		Release|Any CPU = Release|Any CPU
	EndGlobalSection
	GlobalSection(ProjectConfigurationPlatforms) = postSolution
		{46583031-A3F5-4266-9644-3D8E135D1778}.Debug|Any CPU.ActiveCfg = Debug|Any CPU
		{46583031-A3F5-4266-9644-3D8E135D1778}.Debug|Any CPU.Build.0 = Debug|Any CPU
		{46583031-A3F5-4266-9644-3D8E135D1778}.Release|Any CPU.ActiveCfg = Release|Any CPU
		{46583031-A3F5-4266-9644-3D8E135D1778}.Release|Any CPU.Build.0 = Release|Any CPU
	EndGlobalSection
	GlobalSection(SolutionProperties) = preSolution
		HideSolutionNode = FALSE
	EndGlobalSection
	GlobalSection(ExtensibilityGlobals) = postSolution
		SolutionGuid = {477ADE73-6432-4148-9E83-48A36D35B1E1}
	EndGlobalSection
EndGlobal
