
Microsoft Visual Studio Solution File, Format Version 12.00
# Visual Studio Version 17
VisualStudioVersion = 17.3.32929.385
MinimumVisualStudioVersion = 10.0.40219.1
Project("{FAE04EC0-301F-11D3-BF4B-00C04F79EFBC}") = "College Space", "College Space\College Space.csproj", "{9099BEB3-5CBE-4A8B-8032-0E014F8D94BC}"
EndProject
Global
	GlobalSection(SolutionConfigurationPlatforms) = preSolution
		Debug|Any CPU = Debug|Any CPU
		Release|Any CPU = Release|Any CPU
	EndGlobalSection
	GlobalSection(ProjectConfigurationPlatforms) = postSolution
		{9099BEB3-5CBE-4A8B-8032-0E014F8D94BC}.Debug|Any CPU.ActiveCfg = Debug|Any CPU
		{9099BEB3-5CBE-4A8B-8032-0E014F8D94BC}.Debug|Any CPU.Build.0 = Debug|Any CPU
		{9099BEB3-5CBE-4A8B-8032-0E014F8D94BC}.Release|Any CPU.ActiveCfg = Release|Any CPU
		{9099BEB3-5CBE-4A8B-8032-0E014F8D94BC}.Release|Any CPU.Build.0 = Release|Any CPU
	EndGlobalSection
	GlobalSection(SolutionProperties) = preSolution
		HideSolutionNode = FALSE
	EndGlobalSection
	GlobalSection(ExtensibilityGlobals) = postSolution
		SolutionGuid = {9B3A5BE3-69AD-4B3F-AAF7-7961507CB955}
	EndGlobalSection
EndGlobal
